
Microsoft Visual Studio Solution File, Format Version 12.00
# Visual Studio 2012
Project("{8BC9CEB8-8B4A-11D0-8D11-00A0C91BC942}") = "ordering numbers", "ordering numbers\ordering numbers.vcxproj", "{80EDCAAA-7EA6-44E9-8D37-4567AD6F45EF}"
EndProject
Global
	GlobalSection(SolutionConfigurationPlatforms) = preSolution
		Debug|Win32 = Debug|Win32
		Release|Win32 = Release|Win32
	EndGlobalSection
	GlobalSection(ProjectConfigurationPlatforms) = postSolution
		{80EDCAAA-7EA6-44E9-8D37-4567AD6F45EF}.Debug|Win32.ActiveCfg = Debug|Win32
		{80EDCAAA-7EA6-44E9-8D37-4567AD6F45EF}.Debug|Win32.Build.0 = Debug|Win32
		{80EDCAAA-7EA6-44E9-8D37-4567AD6F45EF}.Release|Win32.ActiveCfg = Release|Win32
		{80EDCAAA-7EA6-44E9-8D37-4567AD6F45EF}.Release|Win32.Build.0 = Release|Win32
	EndGlobalSection
	GlobalSection(SolutionProperties) = preSolution
		HideSolutionNode = FALSE
	EndGlobalSection
EndGlobal
