
Microsoft Visual Studio Solution File, Format Version 12.00
# Visual Studio 2012
Project("{8BC9CEB8-8B4A-11D0-8D11-00A0C91BC942}") = "swap values", "swap values\swap values.vcxproj", "{42A10434-6A3F-4DBB-A842-B40F29AAE668}"
EndProject
Global
	GlobalSection(SolutionConfigurationPlatforms) = preSolution
		Debug|Win32 = Debug|Win32
		Release|Win32 = Release|Win32
	EndGlobalSection
	GlobalSection(ProjectConfigurationPlatforms) = postSolution
		{42A10434-6A3F-4DBB-A842-B40F29AAE668}.Debug|Win32.ActiveCfg = Debug|Win32
		{42A10434-6A3F-4DBB-A842-B40F29AAE668}.Debug|Win32.Build.0 = Debug|Win32
		{42A10434-6A3F-4DBB-A842-B40F29AAE668}.Release|Win32.ActiveCfg = Release|Win32
		{42A10434-6A3F-4DBB-A842-B40F29AAE668}.Release|Win32.Build.0 = Release|Win32
	EndGlobalSection
	GlobalSection(SolutionProperties) = preSolution
		HideSolutionNode = FALSE
	EndGlobalSection
EndGlobal
