
Microsoft Visual Studio Solution File, Format Version 12.00
# Visual Studio 2012
Project("{8BC9CEB8-8B4A-11D0-8D11-00A0C91BC942}") = "project 1", "project 1\project 1.vcxproj", "{2C361833-F056-4877-91F8-B33E2E94CC51}"
EndProject
Global
	GlobalSection(SolutionConfigurationPlatforms) = preSolution
		Debug|Win32 = Debug|Win32
		Release|Win32 = Release|Win32
	EndGlobalSection
	GlobalSection(ProjectConfigurationPlatforms) = postSolution
		{2C361833-F056-4877-91F8-B33E2E94CC51}.Debug|Win32.ActiveCfg = Debug|Win32
		{2C361833-F056-4877-91F8-B33E2E94CC51}.Debug|Win32.Build.0 = Debug|Win32
		{2C361833-F056-4877-91F8-B33E2E94CC51}.Release|Win32.ActiveCfg = Release|Win32
		{2C361833-F056-4877-91F8-B33E2E94CC51}.Release|Win32.Build.0 = Release|Win32
	EndGlobalSection
	GlobalSection(SolutionProperties) = preSolution
		HideSolutionNode = FALSE
	EndGlobalSection
EndGlobal
